
Microsoft Visual Studio Solution File, Format Version 12.00
# Visual Studio Version 16
VisualStudioVersion = 16.0.28803.202
MinimumVisualStudioVersion = 10.0.40219.1
Project("{FAE04EC0-301F-11D3-BF4B-00C04F79EFBC}") = "Cliente", "Cliente\Cliente.csproj", "{078F3A46-42F5-4541-8154-372E9AFD4E86}"
EndProject
Project("{9A19103F-16F7-4668-BE54-9A1E7A4F7556}") = "Servidor", "Server\Servidor.csproj", "{543A1ECB-7C46-4617-9651-758C5C3C5027}"
EndProject
Global
	GlobalSection(SolutionConfigurationPlatforms) = preSolution
		Debug|Any CPU = Debug|Any CPU
		Release|Any CPU = Release|Any CPU
	EndGlobalSection
	GlobalSection(ProjectConfigurationPlatforms) = postSolution
		{078F3A46-42F5-4541-8154-372E9AFD4E86}.Debug|Any CPU.ActiveCfg = Debug|Any CPU
		{078F3A46-42F5-4541-8154-372E9AFD4E86}.Debug|Any CPU.Build.0 = Debug|Any CPU
		{078F3A46-42F5-4541-8154-372E9AFD4E86}.Release|Any CPU.ActiveCfg = Release|Any CPU
		{078F3A46-42F5-4541-8154-372E9AFD4E86}.Release|Any CPU.Build.0 = Release|Any CPU
		{543A1ECB-7C46-4617-9651-758C5C3C5027}.Debug|Any CPU.ActiveCfg = Debug|Any CPU
		{543A1ECB-7C46-4617-9651-758C5C3C5027}.Debug|Any CPU.Build.0 = Debug|Any CPU
		{543A1ECB-7C46-4617-9651-758C5C3C5027}.Release|Any CPU.ActiveCfg = Release|Any CPU
		{543A1ECB-7C46-4617-9651-758C5C3C5027}.Release|Any CPU.Build.0 = Release|Any CPU
	EndGlobalSection
	GlobalSection(SolutionProperties) = preSolution
		HideSolutionNode = FALSE
	EndGlobalSection
	GlobalSection(ExtensibilityGlobals) = postSolution
		SolutionGuid = {79B71813-8F45-41F6-8783-F1B0B0DA9867}
	EndGlobalSection
EndGlobal
